
Microsoft Visual Studio Solution File, Format Version 12.00
Project("{FAE04EC0-301F-11D3-BF4B-00C04F79EFBC}") = "MFCD_Rewrite", "MFCD_Rewrite\MFCD_Rewrite.csproj", "{8EBEC234-8EE1-4D7C-828F-61FF2E2BA21B}"
EndProject
Global
	GlobalSection(SolutionConfigurationPlatforms) = preSolution
		Debug|Any CPU = Debug|Any CPU
		Release|Any CPU = Release|Any CPU
	EndGlobalSection
	GlobalSection(ProjectConfigurationPlatforms) = postSolution
		{8EBEC234-8EE1-4D7C-828F-61FF2E2BA21B}.Debug|Any CPU.ActiveCfg = Debug|Any CPU
		{8EBEC234-8EE1-4D7C-828F-61FF2E2BA21B}.Debug|Any CPU.Build.0 = Debug|Any CPU
		{8EBEC234-8EE1-4D7C-828F-61FF2E2BA21B}.Release|Any CPU.ActiveCfg = Release|Any CPU
		{8EBEC234-8EE1-4D7C-828F-61FF2E2BA21B}.Release|Any CPU.Build.0 = Release|Any CPU
	EndGlobalSection
EndGlobal
